
Microsoft Visual Studio Solution File, Format Version 12.00
# Visual Studio Version 16
VisualStudioVersion = 16.0.30002.166
MinimumVisualStudioVersion = 10.0.40219.1
Project("{9A19103F-16F7-4668-BE54-9A1E7A4F7556}") = "Todo.Api", "src\Todo.Api\Todo.Api.csproj", "{1158EFF5-77EE-4331-8A44-8B2D9FE44FAA}"
EndProject
Project("{FAE04EC0-301F-11D3-BF4B-00C04F79EFBC}") = "Todo.Dal", "src\Todo.Dal\Todo.Dal.csproj", "{A0490E15-1FCC-4E56-83F9-FFE3E115F1EC}"
EndProject
Project("{FAE04EC0-301F-11D3-BF4B-00C04F79EFBC}") = "Todo.Business", "src\Todo.Business\Todo.Business.csproj", "{48D79160-69B4-42AD-9AD2-332543D7A79F}"
EndProject
Global
	GlobalSection(SolutionConfigurationPlatforms) = preSolution
		Debug|Any CPU = Debug|Any CPU
		Release|Any CPU = Release|Any CPU
	EndGlobalSection
	GlobalSection(ProjectConfigurationPlatforms) = postSolution
		{1158EFF5-77EE-4331-8A44-8B2D9FE44FAA}.Debug|Any CPU.ActiveCfg = Debug|Any CPU
		{1158EFF5-77EE-4331-8A44-8B2D9FE44FAA}.Debug|Any CPU.Build.0 = Debug|Any CPU
		{1158EFF5-77EE-4331-8A44-8B2D9FE44FAA}.Release|Any CPU.ActiveCfg = Release|Any CPU
		{1158EFF5-77EE-4331-8A44-8B2D9FE44FAA}.Release|Any CPU.Build.0 = Release|Any CPU
		{A0490E15-1FCC-4E56-83F9-FFE3E115F1EC}.Debug|Any CPU.ActiveCfg = Debug|Any CPU
		{A0490E15-1FCC-4E56-83F9-FFE3E115F1EC}.Debug|Any CPU.Build.0 = Debug|Any CPU
		{A0490E15-1FCC-4E56-83F9-FFE3E115F1EC}.Release|Any CPU.ActiveCfg = Release|Any CPU
		{A0490E15-1FCC-4E56-83F9-FFE3E115F1EC}.Release|Any CPU.Build.0 = Release|Any CPU
		{48D79160-69B4-42AD-9AD2-332543D7A79F}.Debug|Any CPU.ActiveCfg = Debug|Any CPU
		{48D79160-69B4-42AD-9AD2-332543D7A79F}.Debug|Any CPU.Build.0 = Debug|Any CPU
		{48D79160-69B4-42AD-9AD2-332543D7A79F}.Release|Any CPU.ActiveCfg = Release|Any CPU
		{48D79160-69B4-42AD-9AD2-332543D7A79F}.Release|Any CPU.Build.0 = Release|Any CPU
	EndGlobalSection
	GlobalSection(SolutionProperties) = preSolution
		HideSolutionNode = FALSE
	EndGlobalSection
	GlobalSection(ExtensibilityGlobals) = postSolution
		SolutionGuid = {60984BC9-01D1-4B40-9733-E459B1231F96}
	EndGlobalSection
EndGlobal
